<?xml version="1.0" encoding="utf-8"?>
<Project ToolsVersion="4.0" xmlns="http://schemas.microsoft.com/developer/msbuild/2003">
  <ItemGroup>
    <Filter Include="Source Files">
      <UniqueIdentifier>{4FC737F1-C7A5-4376-A066-2A32D752A2FF}</UniqueIdentifier>
      <Extensions>cpp;c;cc;cxx;def;odl;idl;hpj;bat;asm;asmx</Extensions>
    </Filter>
    <Filter Include="Header Files">
      <UniqueIdentifier>{93995380-89BD-4b04-88EB-625FBE52EBFB}</UniqueIdentifier>
      <Extensions>h;hh;hpp;hxx;hm;inl;inc;xsd</Extensions>
    </Filter>
    <Filter Include="Resource Files">
      <UniqueIdentifier>{67DA6AB6-F800-4c08-8B7A-83BB121AAD01}</UniqueIdentifier>
      <Extensions>rc;ico;cur;bmp;dlg;rc2;rct;bin;rgs;gif;jpg;jpeg;jpe;resx;tiff;tif;png;wav;mfcribbon-ms</Extensions>
    </Filter>
    <Filter Include="fast-lzma2">
      <UniqueIdentifier>{fdc32ffb-0cc5-4063-b579-de0c0d30083e}</UniqueIdentifier>
    </Filter>
  </ItemGroup>
  <ItemGroup>
    <ClInclude Include="..\..\ArchiveCompressor.h">
      <Filter>Header Files</Filter>
    </ClInclude>
    <ClInclude Include="..\..\BcjTransform.h">
      <Filter>Header Files</Filter>
    </ClInclude>
    <ClInclude Include="..\..\BcjX86.h">
      <Filter>Header Files</Filter>
    </ClInclude>
    <ClInclude Include="..\..\CharType.h">
      <Filter>Header Files</Filter>
    </ClInclude>
    <ClInclude Include="..\..\CoderInfo.h">
      <Filter>Header Files</Filter>
    </ClInclude>
    <ClInclude Include="..\..\common.h">
      <Filter>Header Files</Filter>
    </ClInclude>
    <ClInclude Include="..\..\CompressedUint64.h">
      <Filter>Header Files</Filter>
    </ClInclude>
    <ClInclude Include="..\..\Container7z.h">
      <Filter>Header Files</Filter>
    </ClInclude>
    <ClInclude Include="..\..\Crc32.h">
      <Filter>Header Files</Filter>
    </ClInclude>
    <ClInclude Include="..\..\DataBlock.h">
      <Filter>Header Files</Filter>
    </ClInclude>
    <ClInclude Include="..\..\DirScanner.h">
      <Filter>Header Files</Filter>
    </ClInclude>
    <ClInclude Include="..\..\ErrorCode.h">
      <Filter>Header Files</Filter>
    </ClInclude>
    <ClInclude Include="..\..\IoException.h">
      <Filter>Header Files</Filter>
    </ClInclude>
    <ClInclude Include="..\..\Lzma2Options.h">
      <Filter>Header Files</Filter>
    </ClInclude>
    <ClInclude Include="..\..\OptionalSetting.h">
      <Filter>Header Files</Filter>
    </ClInclude>
    <ClInclude Include="..\..\OutputFile.h">
      <Filter>Header Files</Filter>
    </ClInclude>
    <ClInclude Include="..\..\Path.h">
      <Filter>Header Files</Filter>
    </ClInclude>
    <ClInclude Include="..\..\Progress.h">
      <Filter>Header Files</Filter>
    </ClInclude>
    <ClInclude Include="..\..\RadyxOptions.h">
      <Filter>Header Files</Filter>
    </ClInclude>
    <ClInclude Include="..\..\Strings.h">
      <Filter>Header Files</Filter>
    </ClInclude>
    <ClInclude Include="..\..\UnitCompressor.h">
      <Filter>Header Files</Filter>
    </ClInclude>
    <ClInclude Include="..\..\winlean.h">
      <Filter>Header Files</Filter>
    </ClInclude>
    <ClInclude Include="..\..\fast-lzma2\atomic.h">
      <Filter>fast-lzma2</Filter>
    </ClInclude>
    <ClInclude Include="..\..\fast-lzma2\compiler.h">
      <Filter>fast-lzma2</Filter>
    </ClInclude>
    <ClInclude Include="..\..\fast-lzma2\count.h">
      <Filter>fast-lzma2</Filter>
    </ClInclude>
    <ClInclude Include="..\..\fast-lzma2\data_block.h">
      <Filter>fast-lzma2</Filter>
    </ClInclude>
    <ClInclude Include="..\..\fast-lzma2\error_private.h">
      <Filter>fast-lzma2</Filter>
    </ClInclude>
    <ClInclude Include="..\..\fast-lzma2\fast-lzma2.h">
      <Filter>fast-lzma2</Filter>
    </ClInclude>
    <ClInclude Include="..\..\fast-lzma2\fastpos_table.h">
      <Filter>fast-lzma2</Filter>
    </ClInclude>
    <ClInclude Include="..\..\fast-lzma2\fl2_compress_internal.h">
      <Filter>fast-lzma2</Filter>
    </ClInclude>
    <ClInclude Include="..\..\fast-lzma2\fl2_errors.h">
      <Filter>fast-lzma2</Filter>
    </ClInclude>
    <ClInclude Include="..\..\fast-lzma2\fl2_internal.h">
      <Filter>fast-lzma2</Filter>
    </ClInclude>
    <ClInclude Include="..\..\fast-lzma2\lzma2_dec.h">
      <Filter>fast-lzma2</Filter>
    </ClInclude>
    <ClInclude Include="..\..\fast-lzma2\lzma2_enc.h">
      <Filter>fast-lzma2</Filter>
    </ClInclude>
    <ClInclude Include="..\..\fast-lzma2\mem.h">
      <Filter>fast-lzma2</Filter>
    </ClInclude>
    <ClInclude Include="..\..\fast-lzma2\platform.h">
      <Filter>fast-lzma2</Filter>
    </ClInclude>
    <ClInclude Include="..\..\fast-lzma2\pool.h">
      <Filter>fast-lzma2</Filter>
    </ClInclude>
    <ClInclude Include="..\..\fast-lzma2\radix_engine.h">
      <Filter>fast-lzma2</Filter>
    </ClInclude>
    <ClInclude Include="..\..\fast-lzma2\radix_internal.h">
      <Filter>fast-lzma2</Filter>
    </ClInclude>
    <ClInclude Include="..\..\fast-lzma2\radix_mf.h">
      <Filter>fast-lzma2</Filter>
    </ClInclude>
    <ClInclude Include="..\..\fast-lzma2\range_enc.h">
      <Filter>fast-lzma2</Filter>
    </ClInclude>
    <ClInclude Include="..\..\fast-lzma2\threading.h">
      <Filter>fast-lzma2</Filter>
    </ClInclude>
    <ClInclude Include="..\..\fast-lzma2\util.h">
      <Filter>fast-lzma2</Filter>
    </ClInclude>
    <ClInclude Include="..\..\fast-lzma2\xxhash.h">
      <Filter>fast-lzma2</Filter>
    </ClInclude>
    <ClInclude Include="..\..\Thread.h">
      <Filter>Header Files</Filter>
    </ClInclude>
  </ItemGroup>
  <ItemGroup>
    <ClCompile Include="..\..\ArchiveCompressor.cpp">
      <Filter>Source Files</Filter>
    </ClCompile>
    <ClCompile Include="..\..\BcjX86.cpp">
      <Filter>Source Files</Filter>
    </ClCompile>
    <ClCompile Include="..\..\CoderInfo.cpp">
      <Filter>Source Files</Filter>
    </ClCompile>
    <ClCompile Include="..\..\CompressedUint64.cpp">
      <Filter>Source Files</Filter>
    </ClCompile>
    <ClCompile Include="..\..\Container7z.cpp">
      <Filter>Source Files</Filter>
    </ClCompile>
    <ClCompile Include="..\..\Crc32.cpp">
      <Filter>Source Files</Filter>
    </ClCompile>
    <ClCompile Include="..\..\DirScanner.cpp">
      <Filter>Source Files</Filter>
    </ClCompile>
    <ClCompile Include="..\..\IoException.cpp">
      <Filter>Source Files</Filter>
    </ClCompile>
    <ClCompile Include="..\..\OutputFile.cpp">
      <Filter>Source Files</Filter>
    </ClCompile>
    <ClCompile Include="..\..\Path.cpp">
      <Filter>Source Files</Filter>
    </ClCompile>
    <ClCompile Include="..\..\Progress.cpp">
      <Filter>Source Files</Filter>
    </ClCompile>
    <ClCompile Include="..\..\RadyxOptions.cpp">
      <Filter>Source Files</Filter>
    </ClCompile>
    <ClCompile Include="..\..\Strings.cpp">
      <Filter>Source Files</Filter>
    </ClCompile>
    <ClCompile Include="..\..\UnitCompressor.cpp">
      <Filter>Source Files</Filter>
    </ClCompile>
    <ClCompile Include="..\Radyx.cpp">
      <Filter>Source Files</Filter>
    </ClCompile>
    <ClCompile Include="..\..\fast-lzma2\error_private.c">
      <Filter>fast-lzma2</Filter>
    </ClCompile>
    <ClCompile Include="..\..\fast-lzma2\fl2_common.c">
      <Filter>fast-lzma2</Filter>
    </ClCompile>
    <ClCompile Include="..\..\fast-lzma2\fl2_compress.c">
      <Filter>fast-lzma2</Filter>
    </ClCompile>
    <ClCompile Include="..\..\fast-lzma2\fl2_decompress.c">
      <Filter>fast-lzma2</Filter>
    </ClCompile>
    <ClCompile Include="..\..\fast-lzma2\lzma2_dec.c">
      <Filter>fast-lzma2</Filter>
    </ClCompile>
    <ClCompile Include="..\..\fast-lzma2\lzma2_enc.c">
      <Filter>fast-lzma2</Filter>
    </ClCompile>
    <ClCompile Include="..\..\fast-lzma2\pool.c">
      <Filter>fast-lzma2</Filter>
    </ClCompile>
    <ClCompile Include="..\..\fast-lzma2\radix_bitpack.c">
      <Filter>fast-lzma2</Filter>
    </ClCompile>
    <ClCompile Include="..\..\fast-lzma2\radix_mf.c">
      <Filter>fast-lzma2</Filter>
    </ClCompile>
    <ClCompile Include="..\..\fast-lzma2\radix_struct.c">
      <Filter>fast-lzma2</Filter>
    </ClCompile>
    <ClCompile Include="..\..\fast-lzma2\range_enc.c">
      <Filter>fast-lzma2</Filter>
    </ClCompile>
    <ClCompile Include="..\..\fast-lzma2\threading.c">
      <Filter>fast-lzma2</Filter>
    </ClCompile>
    <ClCompile Include="..\..\fast-lzma2\xxhash.c">
      <Filter>fast-lzma2</Filter>
    </ClCompile>
    <ClCompile Include="..\..\Thread.cpp">
      <Filter>Source Files</Filter>
    </ClCompile>
  </ItemGroup>
</Project>